
Microsoft Visual Studio Solution File, Format Version 12.00
# Visual Studio Version 17
VisualStudioVersion = 17.5.33516.290
MinimumVisualStudioVersion = 10.0.40219.1
Project("{9A19103F-16F7-4668-BE54-9A1E7A4F7556}") = "Lopez Tomas-Parcial", "Lopez Tomas-Parcial\Lopez Tomas-Parcial.csproj", "{46F142B8-B408-4691-9618-684BFFD8F26F}"
EndProject
Project("{2150E333-8FDC-42A3-9474-1A3956D46DE8}") = "Elementos de la solución", "Elementos de la solución", "{09321C09-F64B-4D6A-BC1C-28368AE333DC}"
	ProjectSection(SolutionItems) = preProject
		main.js = main.js
	EndProjectSection
EndProject
Global
	GlobalSection(SolutionConfigurationPlatforms) = preSolution
		Debug|Any CPU = Debug|Any CPU
		Release|Any CPU = Release|Any CPU
	EndGlobalSection
	GlobalSection(ProjectConfigurationPlatforms) = postSolution
		{46F142B8-B408-4691-9618-684BFFD8F26F}.Debug|Any CPU.ActiveCfg = Debug|Any CPU
		{46F142B8-B408-4691-9618-684BFFD8F26F}.Debug|Any CPU.Build.0 = Debug|Any CPU
		{46F142B8-B408-4691-9618-684BFFD8F26F}.Release|Any CPU.ActiveCfg = Release|Any CPU
		{46F142B8-B408-4691-9618-684BFFD8F26F}.Release|Any CPU.Build.0 = Release|Any CPU
	EndGlobalSection
	GlobalSection(SolutionProperties) = preSolution
		HideSolutionNode = FALSE
	EndGlobalSection
	GlobalSection(ExtensibilityGlobals) = postSolution
		SolutionGuid = {BC656902-0A65-4CC4-9278-5F85977CEC4F}
	EndGlobalSection
EndGlobal
